// !$*UTF8*$!
{
	archiveVersion = 1;
	classes = {
	};
	objectVersion = 55;
	objects = {

/* Begin PBXBuildFile section */
		C85E6A9DEC55DF5F8FEC9276 /* Pods_VK_client.framework in Frameworks */ = {isa = PBXBuildFile; fileRef = 2818C9549F4475EAAA12766A /* Pods_VK_client.framework */; };
		D01D8C3E27469330002CDC5E /* VkFriendsMainResponse.swift in Sources */ = {isa = PBXBuildFile; fileRef = D01D8C3D27469330002CDC5E /* VkFriendsMainResponse.swift */; };
		D03B1872274E2F4700C483B3 /* ImageCache.swift in Sources */ = {isa = PBXBuildFile; fileRef = D03B1871274E2F4700C483B3 /* ImageCache.swift */; };
		D03B1874274F850900C483B3 /* NewsViewModel.swift in Sources */ = {isa = PBXBuildFile; fileRef = D03B1873274F850900C483B3 /* NewsViewModel.swift */; };
		D03B1876274F94DB00C483B3 /* MyGroupsViewModel.swift in Sources */ = {isa = PBXBuildFile; fileRef = D03B1875274F94DB00C483B3 /* MyGroupsViewModel.swift */; };
		D03B1878274FAABB00C483B3 /* SearchGroupsViewModel.swift in Sources */ = {isa = PBXBuildFile; fileRef = D03B1877274FAABB00C483B3 /* SearchGroupsViewModel.swift */; };
		D03B187A274FC5B200C483B3 /* FriendsViewModel.swift in Sources */ = {isa = PBXBuildFile; fileRef = D03B1879274FC5B200C483B3 /* FriendsViewModel.swift */; };
		D03B187D2750D39300C483B3 /* FriendsProfileViewModel.swift in Sources */ = {isa = PBXBuildFile; fileRef = D03B187C2750D39300C483B3 /* FriendsProfileViewModel.swift */; };
		D03B18802750DF3D00C483B3 /* GalleryViewModel.swift in Sources */ = {isa = PBXBuildFile; fileRef = D03B187F2750DF3D00C483B3 /* GalleryViewModel.swift */; };
		D03B18832750EDC200C483B3 /* Assembly.swift in Sources */ = {isa = PBXBuildFile; fileRef = D03B18822750EDC200C483B3 /* Assembly.swift */; };
		D03B18892751738D00C483B3 /* demoGroupService.swift in Sources */ = {isa = PBXBuildFile; fileRef = D03B18882751738D00C483B3 /* demoGroupService.swift */; };
		D03B188B275173B600C483B3 /* demoUserService.swift in Sources */ = {isa = PBXBuildFile; fileRef = D03B188A275173B600C483B3 /* demoUserService.swift */; };
		D03B188D275192BA00C483B3 /* groups.json in Resources */ = {isa = PBXBuildFile; fileRef = D03B188C275192BA00C483B3 /* groups.json */; };
		D03B18912752D7EB00C483B3 /* MyCustomUIViewController.swift in Sources */ = {isa = PBXBuildFile; fileRef = D03B18902752D7EB00C483B3 /* MyCustomUIViewController.swift */; };
		D03B18932754D56400C483B3 /* PersistenceManager.swift in Sources */ = {isa = PBXBuildFile; fileRef = D03B18922754D56400C483B3 /* PersistenceManager.swift */; };
		D03B18972754F26800C483B3 /* friends.json in Resources */ = {isa = PBXBuildFile; fileRef = D03B18962754F26800C483B3 /* friends.json */; };
		D040E8D627BCF9130042FA12 /* NetworkLoggingProxy.swift in Sources */ = {isa = PBXBuildFile; fileRef = D040E8D527BCF9130042FA12 /* NetworkLoggingProxy.swift */; };
		D04F214627463F6F00968CB5 /* VkFriendsResponse.swift in Sources */ = {isa = PBXBuildFile; fileRef = D04F214527463F6F00968CB5 /* VkFriendsResponse.swift */; };
		D05028E72749077F00F912EE /* BoolResponse.swift in Sources */ = {isa = PBXBuildFile; fileRef = D05028E62749077F00F912EE /* BoolResponse.swift */; };
		D050CCFB2716D89A0076D78E /* FriendsViewController.swift in Sources */ = {isa = PBXBuildFile; fileRef = D050CCFA2716D89A0076D78E /* FriendsViewController.swift */; };
		D050CCFD2716D8AE0076D78E /* FriendsTableViewCell.swift in Sources */ = {isa = PBXBuildFile; fileRef = D050CCFC2716D8AE0076D78E /* FriendsTableViewCell.swift */; };
		D050CD002716DE2A0076D78E /* FriendProfileViewController.swift in Sources */ = {isa = PBXBuildFile; fileRef = D050CCFF2716DE2A0076D78E /* FriendProfileViewController.swift */; };
		D050CD052716DF890076D78E /* MyGroupsController.swift in Sources */ = {isa = PBXBuildFile; fileRef = D050CD042716DF890076D78E /* MyGroupsController.swift */; };
		D050CD072716DFA10076D78E /* MyGroupsCell.swift in Sources */ = {isa = PBXBuildFile; fileRef = D050CD062716DFA10076D78E /* MyGroupsCell.swift */; };
		D050CD0A2716E12B0076D78E /* SearchGroupsController.swift in Sources */ = {isa = PBXBuildFile; fileRef = D050CD092716E12B0076D78E /* SearchGroupsController.swift */; };
		D050CD0C2716E13A0076D78E /* SearchGroupsCell.swift in Sources */ = {isa = PBXBuildFile; fileRef = D050CD0B2716E13A0076D78E /* SearchGroupsCell.swift */; };
		D050CD0F2716E1C50076D78E /* UserModel.swift in Sources */ = {isa = PBXBuildFile; fileRef = D050CD0E2716E1C50076D78E /* UserModel.swift */; };
		D050CD112716E1CF0076D78E /* GroupModel.swift in Sources */ = {isa = PBXBuildFile; fileRef = D050CD102716E1CF0076D78E /* GroupModel.swift */; };
		D050CD142716E2990076D78E /* UserService.swift in Sources */ = {isa = PBXBuildFile; fileRef = D050CD132716E2990076D78E /* UserService.swift */; };
		D050CD162716E2A50076D78E /* GroupsService.swift in Sources */ = {isa = PBXBuildFile; fileRef = D050CD152716E2A50076D78E /* GroupsService.swift */; };
		D050CD1827197EB30076D78E /* AvatarView.swift in Sources */ = {isa = PBXBuildFile; fileRef = D050CD1727197EB30076D78E /* AvatarView.swift */; };
		D050CD1C271A07BA0076D78E /* LikeControl.swift in Sources */ = {isa = PBXBuildFile; fileRef = D050CD1B271A07BA0076D78E /* LikeControl.swift */; };
		D050CD1E271A2DD60076D78E /* FriendsSection.swift in Sources */ = {isa = PBXBuildFile; fileRef = D050CD1D271A2DD60076D78E /* FriendsSection.swift */; };
		D050CD5C27241BC60076D78E /* NewsController.swift in Sources */ = {isa = PBXBuildFile; fileRef = D050CD5B27241BC60076D78E /* NewsController.swift */; };
		D050CD6627247A010076D78E /* NewsService.swift in Sources */ = {isa = PBXBuildFile; fileRef = D050CD6527247A010076D78E /* NewsService.swift */; };
		D050CD68272488910076D78E /* NewsCollectionViewCell.swift in Sources */ = {isa = PBXBuildFile; fileRef = D050CD67272488910076D78E /* NewsCollectionViewCell.swift */; };
		D0615C9027352C540098F5D7 /* CloudView.swift in Sources */ = {isa = PBXBuildFile; fileRef = D0615C8F27352C540098F5D7 /* CloudView.swift */; };
		D06313C4270B147E00D0E12C /* AppDelegate.swift in Sources */ = {isa = PBXBuildFile; fileRef = D06313C3270B147E00D0E12C /* AppDelegate.swift */; };
		D06313C6270B147E00D0E12C /* SceneDelegate.swift in Sources */ = {isa = PBXBuildFile; fileRef = D06313C5270B147E00D0E12C /* SceneDelegate.swift */; };
		D06313C8270B147E00D0E12C /* LoginController.swift in Sources */ = {isa = PBXBuildFile; fileRef = D06313C7270B147E00D0E12C /* LoginController.swift */; };
		D06313CD270B148000D0E12C /* Assets.xcassets in Resources */ = {isa = PBXBuildFile; fileRef = D06313CC270B148000D0E12C /* Assets.xcassets */; };
		D07CB52E27AE9B0800308A20 /* UIFont.swift in Sources */ = {isa = PBXBuildFile; fileRef = D07CB52D27AE9B0800308A20 /* UIFont.swift */; };
		D0800D13272698BF00347AB7 /* NewsTableViewCellModel.swift in Sources */ = {isa = PBXBuildFile; fileRef = D0800D12272698BF00347AB7 /* NewsTableViewCellModel.swift */; };
		D0800D15272698DA00347AB7 /* NewsCollectionViewCellModel.swift in Sources */ = {isa = PBXBuildFile; fileRef = D0800D14272698DA00347AB7 /* NewsCollectionViewCellModel.swift */; };
		D0800D192727F73900347AB7 /* LoadingView.swift in Sources */ = {isa = PBXBuildFile; fileRef = D0800D182727F73900347AB7 /* LoadingView.swift */; };
		D0800D1B27283B0800347AB7 /* CustomSearchBar.swift in Sources */ = {isa = PBXBuildFile; fileRef = D0800D1A27283B0800347AB7 /* CustomSearchBar.swift */; };
		D0800D20272BF0A200347AB7 /* PhotoCollectionViewCell.swift in Sources */ = {isa = PBXBuildFile; fileRef = D0800D1E272BF0A200347AB7 /* PhotoCollectionViewCell.swift */; };
		D0800D23272BF6DF00347AB7 /* GalleryViewController.swift in Sources */ = {isa = PBXBuildFile; fileRef = D0800D22272BF6DF00347AB7 /* GalleryViewController.swift */; };
		D080897D2735500000A6394B /* CustomTabBarController.swift in Sources */ = {isa = PBXBuildFile; fileRef = D080897C2735500000A6394B /* CustomTabBarController.swift */; };
		D095CAE6275F45B3002F66CC /* GoogleService-Info.plist in Resources */ = {isa = PBXBuildFile; fileRef = D095CAE5275F45B3002F66CC /* GoogleService-Info.plist */; };
		D095CAE9275F45E3002F66CC /* FirebaseAnalytics in Frameworks */ = {isa = PBXBuildFile; productRef = D095CAE8275F45E3002F66CC /* FirebaseAnalytics */; };
		D095CAEB275F45E3002F66CC /* FirebaseAppCheck in Frameworks */ = {isa = PBXBuildFile; productRef = D095CAEA275F45E3002F66CC /* FirebaseAppCheck */; };
		D095CAED275F45E3002F66CC /* FirebaseAuth in Frameworks */ = {isa = PBXBuildFile; productRef = D095CAEC275F45E3002F66CC /* FirebaseAuth */; };
		D095CAEF275F45E3002F66CC /* FirebaseCrashlytics in Frameworks */ = {isa = PBXBuildFile; productRef = D095CAEE275F45E3002F66CC /* FirebaseCrashlytics */; };
		D095CAF1275F45E3002F66CC /* FirebaseDatabase in Frameworks */ = {isa = PBXBuildFile; productRef = D095CAF0275F45E3002F66CC /* FirebaseDatabase */; };
		D095CAF3275F45E3002F66CC /* FirebaseDynamicLinks in Frameworks */ = {isa = PBXBuildFile; productRef = D095CAF2275F45E3002F66CC /* FirebaseDynamicLinks */; };
		D095CAF5275F45E3002F66CC /* FirebaseFunctions in Frameworks */ = {isa = PBXBuildFile; productRef = D095CAF4275F45E3002F66CC /* FirebaseFunctions */; };
		D095CAF7275F45E3002F66CC /* FirebaseInstallations in Frameworks */ = {isa = PBXBuildFile; productRef = D095CAF6275F45E3002F66CC /* FirebaseInstallations */; };
		D095CAF9275F45E3002F66CC /* FirebaseMessaging in Frameworks */ = {isa = PBXBuildFile; productRef = D095CAF8275F45E3002F66CC /* FirebaseMessaging */; };
		D095CAFB275F45E3002F66CC /* FirebasePerformance in Frameworks */ = {isa = PBXBuildFile; productRef = D095CAFA275F45E3002F66CC /* FirebasePerformance */; };
		D095CAFD275F45E3002F66CC /* FirebaseStorage in Frameworks */ = {isa = PBXBuildFile; productRef = D095CAFC275F45E3002F66CC /* FirebaseStorage */; };
		D095CAFF275F9756002F66CC /* FirebaseUser.swift in Sources */ = {isa = PBXBuildFile; fileRef = D095CAFE275F9756002F66CC /* FirebaseUser.swift */; };
		D095CB01275F97D2002F66CC /* FirebaseGroup.swift in Sources */ = {isa = PBXBuildFile; fileRef = D095CB00275F97D2002F66CC /* FirebaseGroup.swift */; };
		D0CB563A273E65FD00AE85DF /* Session.swift in Sources */ = {isa = PBXBuildFile; fileRef = D0CB5639273E65FD00AE85DF /* Session.swift */; };
		D0CB563C2743A5D200AE85DF /* VKLoginController.swift in Sources */ = {isa = PBXBuildFile; fileRef = D0CB563B2743A5D200AE85DF /* VKLoginController.swift */; };
		D0CB563E2743F58300AE85DF /* NetworkManager.swift in Sources */ = {isa = PBXBuildFile; fileRef = D0CB563D2743F58300AE85DF /* NetworkManager.swift */; };
		D0D2F0AB27478C53008E9AB4 /* Loader.swift in Sources */ = {isa = PBXBuildFile; fileRef = D0D2F0AA27478C53008E9AB4 /* Loader.swift */; };
		D0D2F0AD2747CD17008E9AB4 /* ApiImage.swift in Sources */ = {isa = PBXBuildFile; fileRef = D0D2F0AC2747CD17008E9AB4 /* ApiImage.swift */; };
		D0D2F0B02747D107008E9AB4 /* UserImagesResponse.swift.swift in Sources */ = {isa = PBXBuildFile; fileRef = D0D2F0AF2747D107008E9AB4 /* UserImagesResponse.swift.swift */; };
		D0D2F0B22747D1EB008E9AB4 /* Sizes.swift in Sources */ = {isa = PBXBuildFile; fileRef = D0D2F0B12747D1EB008E9AB4 /* Sizes.swift */; };
		D0D2F0B52747D658008E9AB4 /* UserImagesMainResponse.swift in Sources */ = {isa = PBXBuildFile; fileRef = D0D2F0B42747D658008E9AB4 /* UserImagesMainResponse.swift */; };
		D0D2F0B92748EB7A008E9AB4 /* GroupsMyResponse.swift.swift in Sources */ = {isa = PBXBuildFile; fileRef = D0D2F0B82748EB7A008E9AB4 /* GroupsMyResponse.swift.swift */; };
		D0D2F0BB2748EBD0008E9AB4 /* GroupsMyMainResponse.swift in Sources */ = {isa = PBXBuildFile; fileRef = D0D2F0BA2748EBD0008E9AB4 /* GroupsMyMainResponse.swift */; };
		D0E93FFE279168CC005A2879 /* demoNewsServiceReal.swift in Sources */ = {isa = PBXBuildFile; fileRef = D0E93FFD279168CC005A2879 /* demoNewsServiceReal.swift */; };
		D0E9400027916AC2005A2879 /* realNews.json in Resources */ = {isa = PBXBuildFile; fileRef = D0E93FFF27916AC2005A2879 /* realNews.json */; };
		D0E94015279C43C9005A2879 /* MyGroupsViewModelTests.swift in Sources */ = {isa = PBXBuildFile; fileRef = D0E94014279C43C9005A2879 /* MyGroupsViewModelTests.swift */; };
		D0E9401C279EB1CE005A2879 /* FriendsViewModelTests.swift in Sources */ = {isa = PBXBuildFile; fileRef = D0E9401B279EB1CE005A2879 /* FriendsViewModelTests.swift */; };
		D0EFE7D127635A8C00A8E66E /* AttachmentsModel.swift in Sources */ = {isa = PBXBuildFile; fileRef = D0EFE7D027635A8C00A8E66E /* AttachmentsModel.swift */; };
		D0EFE7D327673B9300A8E66E /* LikesResponse.swift in Sources */ = {isa = PBXBuildFile; fileRef = D0EFE7D227673B9300A8E66E /* LikesResponse.swift */; };
		D0EFE7D5276795F200A8E66E /* news.json in Resources */ = {isa = PBXBuildFile; fileRef = D0EFE7D4276795F200A8E66E /* news.json */; };
		D0EFE7D72767A94600A8E66E /* NewsTableViewCellModelType.swift in Sources */ = {isa = PBXBuildFile; fileRef = D0EFE7D62767A94600A8E66E /* NewsTableViewCellModelType.swift */; };
		D0EFE7D9276887C900A8E66E /* demoNewsTableViewCellModel.swift in Sources */ = {isa = PBXBuildFile; fileRef = D0EFE7D8276887C900A8E66E /* demoNewsTableViewCellModel.swift */; };
		D0EFE7DF276BB06A00A8E66E /* FriendsCountMainResponse.swift in Sources */ = {isa = PBXBuildFile; fileRef = D0EFE7DE276BB06A00A8E66E /* FriendsCountMainResponse.swift */; };
		D0EFE7E1276BB08800A8E66E /* FriendsCountResponse.swift in Sources */ = {isa = PBXBuildFile; fileRef = D0EFE7E0276BB08800A8E66E /* FriendsCountResponse.swift */; };
		D0EFE7E6277093BE00A8E66E /* NewsAuthorCell.swift in Sources */ = {isa = PBXBuildFile; fileRef = D0EFE7E5277093BE00A8E66E /* NewsAuthorCell.swift */; };
		D0EFE7E82770AFB000A8E66E /* NewsTextCell.swift in Sources */ = {isa = PBXBuildFile; fileRef = D0EFE7E72770AFB000A8E66E /* NewsTextCell.swift */; };
		D0EFE7EA2770B22800A8E66E /* NewsCollectionCell.swift in Sources */ = {isa = PBXBuildFile; fileRef = D0EFE7E92770B22800A8E66E /* NewsCollectionCell.swift */; };
		D0EFE80C2770CA0D00A8E66E /* NewsFooterCell.swift in Sources */ = {isa = PBXBuildFile; fileRef = D0EFE80B2770CA0D00A8E66E /* NewsFooterCell.swift */; };
		D0EFE8102771D52400A8E66E /* CommentsControl.swift in Sources */ = {isa = PBXBuildFile; fileRef = D0EFE80F2771D52400A8E66E /* CommentsControl.swift */; };
		D0EFE8142771D93B00A8E66E /* RepostsControl.swift in Sources */ = {isa = PBXBuildFile; fileRef = D0EFE8132771D93A00A8E66E /* RepostsControl.swift */; };
		D0EFE8162771DA7100A8E66E /* NewsControl.swift in Sources */ = {isa = PBXBuildFile; fileRef = D0EFE8152771DA7100A8E66E /* NewsControl.swift */; };
		D0F2B1132761E64A00C70517 /* demoNewsService.swift in Sources */ = {isa = PBXBuildFile; fileRef = D0F2B1122761E64A00C70517 /* demoNewsService.swift */; };
		D0F2B1162761E89E00C70517 /* NewsMainRequest.swift in Sources */ = {isa = PBXBuildFile; fileRef = D0F2B1152761E89E00C70517 /* NewsMainRequest.swift */; };
		D0F2B1182761EF2900C70517 /* NewsModel.swift in Sources */ = {isa = PBXBuildFile; fileRef = D0F2B1172761EF2900C70517 /* NewsModel.swift */; };
		D0F2B11A2761F1FB00C70517 /* LikesModel.swift in Sources */ = {isa = PBXBuildFile; fileRef = D0F2B1192761F1FB00C70517 /* LikesModel.swift */; };
		D0F2B11C2761F24900C70517 /* PhotosResponse.swift.swift in Sources */ = {isa = PBXBuildFile; fileRef = D0F2B11B2761F24900C70517 /* PhotosResponse.swift.swift */; };
		D0F2B11E2761F7DA00C70517 /* NewsSourceProtocol.swift in Sources */ = {isa = PBXBuildFile; fileRef = D0F2B11D2761F7DA00C70517 /* NewsSourceProtocol.swift */; };
		D0F3CBA1277605C5004653AE /* NewsLinkCell.swift in Sources */ = {isa = PBXBuildFile; fileRef = D0F3CBA0277605C5004653AE /* NewsLinkCell.swift */; };
		D0F3CBA52776186D004653AE /* UICollectionReusableView.swift in Sources */ = {isa = PBXBuildFile; fileRef = D0F3CBA42776186D004653AE /* UICollectionReusableView.swift */; };
		D0F3CBA7277618E2004653AE /* UITableReusableView.swift in Sources */ = {isa = PBXBuildFile; fileRef = D0F3CBA6277618E2004653AE /* UITableReusableView.swift */; };
		D0F3CBAA277B00FD004653AE /* Alamofire in Frameworks */ = {isa = PBXBuildFile; productRef = D0F3CBA9277B00FD004653AE /* Alamofire */; };
		D0F3CBAD277B029C004653AE /* AsyncOperation.swift in Sources */ = {isa = PBXBuildFile; fileRef = D0F3CBAC277B029C004653AE /* AsyncOperation.swift */; };
		D0F3CBAF277B0398004653AE /* GroupsDataOperation.swift in Sources */ = {isa = PBXBuildFile; fileRef = D0F3CBAE277B0398004653AE /* GroupsDataOperation.swift */; };
		D0F3CBB1277B0918004653AE /* GroupsDataParseOperation.swift in Sources */ = {isa = PBXBuildFile; fileRef = D0F3CBB0277B0918004653AE /* GroupsDataParseOperation.swift */; };
		D0F3CBB3277B0C82004653AE /* GroupsCompletionOperation.swift in Sources */ = {isa = PBXBuildFile; fileRef = D0F3CBB2277B0C82004653AE /* GroupsCompletionOperation.swift */; };
		D0F3CBB5277B1409004653AE /* UpdateRealmDataOperation.swift in Sources */ = {isa = PBXBuildFile; fileRef = D0F3CBB4277B1409004653AE /* UpdateRealmDataOperation.swift */; };
/* End PBXBuildFile section */

/* Begin PBXContainerItemProxy section */
		D0E9400E279C4353005A2879 /* PBXContainerItemProxy */ = {
			isa = PBXContainerItemProxy;
			containerPortal = D06313B8270B147E00D0E12C /* Project object */;
			proxyType = 1;
			remoteGlobalIDString = D06313BF270B147E00D0E12C;
			remoteInfo = "VK client";
		};
/* End PBXContainerItemProxy section */

/* Begin PBXFileReference section */
		2818C9549F4475EAAA12766A /* Pods_VK_client.framework */ = {isa = PBXFileReference; explicitFileType = wrapper.framework; includeInIndex = 0; path = Pods_VK_client.framework; sourceTree = BUILT_PRODUCTS_DIR; };
		80880C205E27032CDC91A24E /* Pods-VK client.release.xcconfig */ = {isa = PBXFileReference; includeInIndex = 1; lastKnownFileType = text.xcconfig; name = "Pods-VK client.release.xcconfig"; path = "Target Support Files/Pods-VK client/Pods-VK client.release.xcconfig"; sourceTree = "<group>"; };
		BD6499039BF00C6BA478A95E /* Pods-VK client.debug.xcconfig */ = {isa = PBXFileReference; includeInIndex = 1; lastKnownFileType = text.xcconfig; name = "Pods-VK client.debug.xcconfig"; path = "Target Support Files/Pods-VK client/Pods-VK client.debug.xcconfig"; sourceTree = "<group>"; };
		D01D8C3D27469330002CDC5E /* VkFriendsMainResponse.swift */ = {isa = PBXFileReference; lastKnownFileType = sourcecode.swift; path = VkFriendsMainResponse.swift; sourceTree = "<group>"; };
		D03B1871274E2F4700C483B3 /* ImageCache.swift */ = {isa = PBXFileReference; lastKnownFileType = sourcecode.swift; path = ImageCache.swift; sourceTree = "<group>"; };
		D03B1873274F850900C483B3 /* NewsViewModel.swift */ = {isa = PBXFileReference; lastKnownFileType = sourcecode.swift; path = NewsViewModel.swift; sourceTree = "<group>"; };
		D03B1875274F94DB00C483B3 /* MyGroupsViewModel.swift */ = {isa = PBXFileReference; lastKnownFileType = sourcecode.swift; path = MyGroupsViewModel.swift; sourceTree = "<group>"; };
		D03B1877274FAABB00C483B3 /* SearchGroupsViewModel.swift */ = {isa = PBXFileReference; lastKnownFileType = sourcecode.swift; path = SearchGroupsViewModel.swift; sourceTree = "<group>"; };
		D03B1879274FC5B200C483B3 /* FriendsViewModel.swift */ = {isa = PBXFileReference; lastKnownFileType = sourcecode.swift; path = FriendsViewModel.swift; sourceTree = "<group>"; };
		D03B187C2750D39300C483B3 /* FriendsProfileViewModel.swift */ = {isa = PBXFileReference; lastKnownFileType = sourcecode.swift; path = FriendsProfileViewModel.swift; sourceTree = "<group>"; };
		D03B187F2750DF3D00C483B3 /* GalleryViewModel.swift */ = {isa = PBXFileReference; lastKnownFileType = sourcecode.swift; path = GalleryViewModel.swift; sourceTree = "<group>"; };
		D03B18822750EDC200C483B3 /* Assembly.swift */ = {isa = PBXFileReference; lastKnownFileType = sourcecode.swift; path = Assembly.swift; sourceTree = "<group>"; };
		D03B18882751738D00C483B3 /* demoGroupService.swift */ = {isa = PBXFileReference; lastKnownFileType = sourcecode.swift; path = demoGroupService.swift; sourceTree = "<group>"; };
		D03B188A275173B600C483B3 /* demoUserService.swift */ = {isa = PBXFileReference; lastKnownFileType = sourcecode.swift; path = demoUserService.swift; sourceTree = "<group>"; };
		D03B188C275192BA00C483B3 /* groups.json */ = {isa = PBXFileReference; lastKnownFileType = text.json; path = groups.json; sourceTree = "<group>"; };
		D03B18902752D7EB00C483B3 /* MyCustomUIViewController.swift */ = {isa = PBXFileReference; lastKnownFileType = sourcecode.swift; path = MyCustomUIViewController.swift; sourceTree = "<group>"; };
		D03B18922754D56400C483B3 /* PersistenceManager.swift */ = {isa = PBXFileReference; lastKnownFileType = sourcecode.swift; path = PersistenceManager.swift; sourceTree = "<group>"; };
		D03B18962754F26800C483B3 /* friends.json */ = {isa = PBXFileReference; lastKnownFileType = text.json; path = friends.json; sourceTree = "<group>"; };
		D040E8D527BCF9130042FA12 /* NetworkLoggingProxy.swift */ = {isa = PBXFileReference; lastKnownFileType = sourcecode.swift; path = NetworkLoggingProxy.swift; sourceTree = "<group>"; };
		D04F214527463F6F00968CB5 /* VkFriendsResponse.swift */ = {isa = PBXFileReference; lastKnownFileType = sourcecode.swift; path = VkFriendsResponse.swift; sourceTree = "<group>"; };
		D05028E62749077F00F912EE /* BoolResponse.swift */ = {isa = PBXFileReference; lastKnownFileType = sourcecode.swift; path = BoolResponse.swift; sourceTree = "<group>"; };
		D050CCFA2716D89A0076D78E /* FriendsViewController.swift */ = {isa = PBXFileReference; lastKnownFileType = sourcecode.swift; path = FriendsViewController.swift; sourceTree = "<group>"; };
		D050CCFC2716D8AE0076D78E /* FriendsTableViewCell.swift */ = {isa = PBXFileReference; lastKnownFileType = sourcecode.swift; path = FriendsTableViewCell.swift; sourceTree = "<group>"; };
		D050CCFF2716DE2A0076D78E /* FriendProfileViewController.swift */ = {isa = PBXFileReference; lastKnownFileType = sourcecode.swift; path = FriendProfileViewController.swift; sourceTree = "<group>"; };
		D050CD042716DF890076D78E /* MyGroupsController.swift */ = {isa = PBXFileReference; lastKnownFileType = sourcecode.swift; path = MyGroupsController.swift; sourceTree = "<group>"; };
		D050CD062716DFA10076D78E /* MyGroupsCell.swift */ = {isa = PBXFileReference; lastKnownFileType = sourcecode.swift; path = MyGroupsCell.swift; sourceTree = "<group>"; };
		D050CD092716E12B0076D78E /* SearchGroupsController.swift */ = {isa = PBXFileReference; lastKnownFileType = sourcecode.swift; path = SearchGroupsController.swift; sourceTree = "<group>"; };
		D050CD0B2716E13A0076D78E /* SearchGroupsCell.swift */ = {isa = PBXFileReference; lastKnownFileType = sourcecode.swift; path = SearchGroupsCell.swift; sourceTree = "<group>"; };
		D050CD0E2716E1C50076D78E /* UserModel.swift */ = {isa = PBXFileReference; lastKnownFileType = sourcecode.swift; path = UserModel.swift; sourceTree = "<group>"; };
		D050CD102716E1CF0076D78E /* GroupModel.swift */ = {isa = PBXFileReference; lastKnownFileType = sourcecode.swift; path = GroupModel.swift; sourceTree = "<group>"; };
		D050CD132716E2990076D78E /* UserService.swift */ = {isa = PBXFileReference; lastKnownFileType = sourcecode.swift; path = UserService.swift; sourceTree = "<group>"; };
		D050CD152716E2A50076D78E /* GroupsService.swift */ = {isa = PBXFileReference; lastKnownFileType = sourcecode.swift; path = GroupsService.swift; sourceTree = "<group>"; };
		D050CD1727197EB30076D78E /* AvatarView.swift */ = {isa = PBXFileReference; lastKnownFileType = sourcecode.swift; path = AvatarView.swift; sourceTree = "<group>"; };
		D050CD1B271A07BA0076D78E /* LikeControl.swift */ = {isa = PBXFileReference; lastKnownFileType = sourcecode.swift; path = LikeControl.swift; sourceTree = "<group>"; };
		D050CD1D271A2DD60076D78E /* FriendsSection.swift */ = {isa = PBXFileReference; lastKnownFileType = sourcecode.swift; path = FriendsSection.swift; sourceTree = "<group>"; };
		D050CD5B27241BC60076D78E /* NewsController.swift */ = {isa = PBXFileReference; lastKnownFileType = sourcecode.swift; path = NewsController.swift; sourceTree = "<group>"; };
		D050CD6527247A010076D78E /* NewsService.swift */ = {isa = PBXFileReference; lastKnownFileType = sourcecode.swift; path = NewsService.swift; sourceTree = "<group>"; };
		D050CD67272488910076D78E /* NewsCollectionViewCell.swift */ = {isa = PBXFileReference; lastKnownFileType = sourcecode.swift; path = NewsCollectionViewCell.swift; sourceTree = "<group>"; };
		D0615C8F27352C540098F5D7 /* CloudView.swift */ = {isa = PBXFileReference; lastKnownFileType = sourcecode.swift; path = CloudView.swift; sourceTree = "<group>"; };
		D06313C0270B147E00D0E12C /* VK client.app */ = {isa = PBXFileReference; explicitFileType = wrapper.application; includeInIndex = 0; path = "VK client.app"; sourceTree = BUILT_PRODUCTS_DIR; };
		D06313C3270B147E00D0E12C /* AppDelegate.swift */ = {isa = PBXFileReference; lastKnownFileType = sourcecode.swift; path = AppDelegate.swift; sourceTree = "<group>"; };
		D06313C5270B147E00D0E12C /* SceneDelegate.swift */ = {isa = PBXFileReference; lastKnownFileType = sourcecode.swift; path = SceneDelegate.swift; sourceTree = "<group>"; };
		D06313C7270B147E00D0E12C /* LoginController.swift */ = {isa = PBXFileReference; lastKnownFileType = sourcecode.swift; path = LoginController.swift; sourceTree = "<group>"; };
		D06313CC270B148000D0E12C /* Assets.xcassets */ = {isa = PBXFileReference; lastKnownFileType = folder.assetcatalog; path = Assets.xcassets; sourceTree = "<group>"; };
		D06313D1270B148000D0E12C /* Info.plist */ = {isa = PBXFileReference; lastKnownFileType = text.plist.xml; path = Info.plist; sourceTree = "<group>"; };
		D07CB52D27AE9B0800308A20 /* UIFont.swift */ = {isa = PBXFileReference; lastKnownFileType = sourcecode.swift; path = UIFont.swift; sourceTree = "<group>"; };
		D0800D12272698BF00347AB7 /* NewsTableViewCellModel.swift */ = {isa = PBXFileReference; lastKnownFileType = sourcecode.swift; path = NewsTableViewCellModel.swift; sourceTree = "<group>"; };
		D0800D14272698DA00347AB7 /* NewsCollectionViewCellModel.swift */ = {isa = PBXFileReference; lastKnownFileType = sourcecode.swift; path = NewsCollectionViewCellModel.swift; sourceTree = "<group>"; };
		D0800D182727F73900347AB7 /* LoadingView.swift */ = {isa = PBXFileReference; lastKnownFileType = sourcecode.swift; path = LoadingView.swift; sourceTree = "<group>"; };
		D0800D1A27283B0800347AB7 /* CustomSearchBar.swift */ = {isa = PBXFileReference; lastKnownFileType = sourcecode.swift; path = CustomSearchBar.swift; sourceTree = "<group>"; };
		D0800D1E272BF0A200347AB7 /* PhotoCollectionViewCell.swift */ = {isa = PBXFileReference; lastKnownFileType = sourcecode.swift; path = PhotoCollectionViewCell.swift; sourceTree = "<group>"; };
		D0800D22272BF6DF00347AB7 /* GalleryViewController.swift */ = {isa = PBXFileReference; lastKnownFileType = sourcecode.swift; path = GalleryViewController.swift; sourceTree = "<group>"; };
		D080897C2735500000A6394B /* CustomTabBarController.swift */ = {isa = PBXFileReference; lastKnownFileType = sourcecode.swift; path = CustomTabBarController.swift; sourceTree = "<group>"; };
		D095CAE5275F45B3002F66CC /* GoogleService-Info.plist */ = {isa = PBXFileReference; fileEncoding = 4; lastKnownFileType = text.plist.xml; path = "GoogleService-Info.plist"; sourceTree = "<group>"; };
		D095CAFE275F9756002F66CC /* FirebaseUser.swift */ = {isa = PBXFileReference; lastKnownFileType = sourcecode.swift; path = FirebaseUser.swift; sourceTree = "<group>"; };
		D095CB00275F97D2002F66CC /* FirebaseGroup.swift */ = {isa = PBXFileReference; lastKnownFileType = sourcecode.swift; path = FirebaseGroup.swift; sourceTree = "<group>"; };
		D0CB5639273E65FD00AE85DF /* Session.swift */ = {isa = PBXFileReference; lastKnownFileType = sourcecode.swift; path = Session.swift; sourceTree = "<group>"; };
		D0CB563B2743A5D200AE85DF /* VKLoginController.swift */ = {isa = PBXFileReference; lastKnownFileType = sourcecode.swift; path = VKLoginController.swift; sourceTree = "<group>"; };
		D0CB563D2743F58300AE85DF /* NetworkManager.swift */ = {isa = PBXFileReference; lastKnownFileType = sourcecode.swift; path = NetworkManager.swift; sourceTree = "<group>"; };
		D0D2F0AA27478C53008E9AB4 /* Loader.swift */ = {isa = PBXFileReference; lastKnownFileType = sourcecode.swift; path = Loader.swift; sourceTree = "<group>"; };
		D0D2F0AC2747CD17008E9AB4 /* ApiImage.swift */ = {isa = PBXFileReference; lastKnownFileType = sourcecode.swift; path = ApiImage.swift; sourceTree = "<group>"; };
		D0D2F0AF2747D107008E9AB4 /* UserImagesResponse.swift.swift */ = {isa = PBXFileReference; lastKnownFileType = sourcecode.swift; path = UserImagesResponse.swift.swift; sourceTree = "<group>"; };
		D0D2F0B12747D1EB008E9AB4 /* Sizes.swift */ = {isa = PBXFileReference; lastKnownFileType = sourcecode.swift; path = Sizes.swift; sourceTree = "<group>"; };
		D0D2F0B42747D658008E9AB4 /* UserImagesMainResponse.swift */ = {isa = PBXFileReference; lastKnownFileType = sourcecode.swift; path = UserImagesMainResponse.swift; sourceTree = "<group>"; };
		D0D2F0B82748EB7A008E9AB4 /* GroupsMyResponse.swift.swift */ = {isa = PBXFileReference; lastKnownFileType = sourcecode.swift; path = GroupsMyResponse.swift.swift; sourceTree = "<group>"; };
		D0D2F0BA2748EBD0008E9AB4 /* GroupsMyMainResponse.swift */ = {isa = PBXFileReference; lastKnownFileType = sourcecode.swift; path = GroupsMyMainResponse.swift; sourceTree = "<group>"; };
		D0E93FFD279168CC005A2879 /* demoNewsServiceReal.swift */ = {isa = PBXFileReference; lastKnownFileType = sourcecode.swift; path = demoNewsServiceReal.swift; sourceTree = "<group>"; };
		D0E93FFF27916AC2005A2879 /* realNews.json */ = {isa = PBXFileReference; lastKnownFileType = text.json; path = realNews.json; sourceTree = "<group>"; };
		D0E9400A279C4353005A2879 /* VKclientTests.xctest */ = {isa = PBXFileReference; explicitFileType = wrapper.cfbundle; includeInIndex = 0; path = VKclientTests.xctest; sourceTree = BUILT_PRODUCTS_DIR; };
		D0E94014279C43C9005A2879 /* MyGroupsViewModelTests.swift */ = {isa = PBXFileReference; lastKnownFileType = sourcecode.swift; path = MyGroupsViewModelTests.swift; sourceTree = "<group>"; };
		D0E9401B279EB1CE005A2879 /* FriendsViewModelTests.swift */ = {isa = PBXFileReference; lastKnownFileType = sourcecode.swift; path = FriendsViewModelTests.swift; sourceTree = "<group>"; };
		D0EFE7D027635A8C00A8E66E /* AttachmentsModel.swift */ = {isa = PBXFileReference; lastKnownFileType = sourcecode.swift; path = AttachmentsModel.swift; sourceTree = "<group>"; };
		D0EFE7D227673B9300A8E66E /* LikesResponse.swift */ = {isa = PBXFileReference; lastKnownFileType = sourcecode.swift; path = LikesResponse.swift; sourceTree = "<group>"; };
		D0EFE7D4276795F200A8E66E /* news.json */ = {isa = PBXFileReference; lastKnownFileType = text.json; path = news.json; sourceTree = "<group>"; };
		D0EFE7D62767A94600A8E66E /* NewsTableViewCellModelType.swift */ = {isa = PBXFileReference; lastKnownFileType = sourcecode.swift; path = NewsTableViewCellModelType.swift; sourceTree = "<group>"; };
		D0EFE7D8276887C900A8E66E /* demoNewsTableViewCellModel.swift */ = {isa = PBXFileReference; lastKnownFileType = sourcecode.swift; path = demoNewsTableViewCellModel.swift; sourceTree = "<group>"; };
		D0EFE7DE276BB06A00A8E66E /* FriendsCountMainResponse.swift */ = {isa = PBXFileReference; lastKnownFileType = sourcecode.swift; path = FriendsCountMainResponse.swift; sourceTree = "<group>"; };
		D0EFE7E0276BB08800A8E66E /* FriendsCountResponse.swift */ = {isa = PBXFileReference; lastKnownFileType = sourcecode.swift; path = FriendsCountResponse.swift; sourceTree = "<group>"; };
		D0EFE7E5277093BE00A8E66E /* NewsAuthorCell.swift */ = {isa = PBXFileReference; lastKnownFileType = sourcecode.swift; path = NewsAuthorCell.swift; sourceTree = "<group>"; };
		D0EFE7E72770AFB000A8E66E /* NewsTextCell.swift */ = {isa = PBXFileReference; lastKnownFileType = sourcecode.swift; path = NewsTextCell.swift; sourceTree = "<group>"; };
		D0EFE7E92770B22800A8E66E /* NewsCollectionCell.swift */ = {isa = PBXFileReference; lastKnownFileType = sourcecode.swift; path = NewsCollectionCell.swift; sourceTree = "<group>"; };
		D0EFE80B2770CA0D00A8E66E /* NewsFooterCell.swift */ = {isa = PBXFileReference; lastKnownFileType = sourcecode.swift; path = NewsFooterCell.swift; sourceTree = "<group>"; };
		D0EFE80F2771D52400A8E66E /* CommentsControl.swift */ = {isa = PBXFileReference; lastKnownFileType = sourcecode.swift; path = CommentsControl.swift; sourceTree = "<group>"; };
		D0EFE8132771D93A00A8E66E /* RepostsControl.swift */ = {isa = PBXFileReference; lastKnownFileType = sourcecode.swift; path = RepostsControl.swift; sourceTree = "<group>"; };
		D0EFE8152771DA7100A8E66E /* NewsControl.swift */ = {isa = PBXFileReference; lastKnownFileType = sourcecode.swift; path = NewsControl.swift; sourceTree = "<group>"; };
		D0F2B1122761E64A00C70517 /* demoNewsService.swift */ = {isa = PBXFileReference; lastKnownFileType = sourcecode.swift; path = demoNewsService.swift; sourceTree = "<group>"; };
		D0F2B1152761E89E00C70517 /* NewsMainRequest.swift */ = {isa = PBXFileReference; lastKnownFileType = sourcecode.swift; path = NewsMainRequest.swift; sourceTree = "<group>"; };
		D0F2B1172761EF2900C70517 /* NewsModel.swift */ = {isa = PBXFileReference; lastKnownFileType = sourcecode.swift; path = NewsModel.swift; sourceTree = "<group>"; };
		D0F2B1192761F1FB00C70517 /* LikesModel.swift */ = {isa = PBXFileReference; lastKnownFileType = sourcecode.swift; path = LikesModel.swift; sourceTree = "<group>"; };
		D0F2B11B2761F24900C70517 /* PhotosResponse.swift.swift */ = {isa = PBXFileReference; lastKnownFileType = sourcecode.swift; path = PhotosResponse.swift.swift; sourceTree = "<group>"; };
		D0F2B11D2761F7DA00C70517 /* NewsSourceProtocol.swift */ = {isa = PBXFileReference; lastKnownFileType = sourcecode.swift; path = NewsSourceProtocol.swift; sourceTree = "<group>"; };
		D0F3CBA0277605C5004653AE /* NewsLinkCell.swift */ = {isa = PBXFileReference; lastKnownFileType = sourcecode.swift; path = NewsLinkCell.swift; sourceTree = "<group>"; };
		D0F3CBA42776186D004653AE /* UICollectionReusableView.swift */ = {isa = PBXFileReference; lastKnownFileType = sourcecode.swift; path = UICollectionReusableView.swift; sourceTree = "<group>"; };
		D0F3CBA6277618E2004653AE /* UITableReusableView.swift */ = {isa = PBXFileReference; lastKnownFileType = sourcecode.swift; path = UITableReusableView.swift; sourceTree = "<group>"; };
		D0F3CBAC277B029C004653AE /* AsyncOperation.swift */ = {isa = PBXFileReference; lastKnownFileType = sourcecode.swift; path = AsyncOperation.swift; sourceTree = "<group>"; };
		D0F3CBAE277B0398004653AE /* GroupsDataOperation.swift */ = {isa = PBXFileReference; lastKnownFileType = sourcecode.swift; path = GroupsDataOperation.swift; sourceTree = "<group>"; };
		D0F3CBB0277B0918004653AE /* GroupsDataParseOperation.swift */ = {isa = PBXFileReference; lastKnownFileType = sourcecode.swift; path = GroupsDataParseOperation.swift; sourceTree = "<group>"; };
		D0F3CBB2277B0C82004653AE /* GroupsCompletionOperation.swift */ = {isa = PBXFileReference; lastKnownFileType = sourcecode.swift; path = GroupsCompletionOperation.swift; sourceTree = "<group>"; };
		D0F3CBB4277B1409004653AE /* UpdateRealmDataOperation.swift */ = {isa = PBXFileReference; lastKnownFileType = sourcecode.swift; path = UpdateRealmDataOperation.swift; sourceTree = "<group>"; };
/* End PBXFileReference section */

/* Begin PBXFrameworksBuildPhase section */
		D06313BD270B147E00D0E12C /* Frameworks */ = {
			isa = PBXFrameworksBuildPhase;
			buildActionMask = 2147483647;
			files = (
				D095CAFB275F45E3002F66CC /* FirebasePerformance in Frameworks */,
				D095CAF1275F45E3002F66CC /* FirebaseDatabase in Frameworks */,
				D095CAE9275F45E3002F66CC /* FirebaseAnalytics in Frameworks */,
				D095CAF9275F45E3002F66CC /* FirebaseMessaging in Frameworks */,
				D095CAEB275F45E3002F66CC /* FirebaseAppCheck in Frameworks */,
				D095CAFD275F45E3002F66CC /* FirebaseStorage in Frameworks */,
				D095CAF7275F45E3002F66CC /* FirebaseInstallations in Frameworks */,
				D095CAF5275F45E3002F66CC /* FirebaseFunctions in Frameworks */,
				D095CAEF275F45E3002F66CC /* FirebaseCrashlytics in Frameworks */,
				C85E6A9DEC55DF5F8FEC9276 /* Pods_VK_client.framework in Frameworks */,
				D095CAF3275F45E3002F66CC /* FirebaseDynamicLinks in Frameworks */,
				D095CAED275F45E3002F66CC /* FirebaseAuth in Frameworks */,
				D0F3CBAA277B00FD004653AE /* Alamofire in Frameworks */,
			);
			runOnlyForDeploymentPostprocessing = 0;
		};
		D0E94007279C4353005A2879 /* Frameworks */ = {
			isa = PBXFrameworksBuildPhase;
			buildActionMask = 2147483647;
			files = (
			);
			runOnlyForDeploymentPostprocessing = 0;
		};
/* End PBXFrameworksBuildPhase section */

/* Begin PBXGroup section */
		0E1CB22FF9F1EDD05785EC55 /* Pods */ = {
			isa = PBXGroup;
			children = (
				BD6499039BF00C6BA478A95E /* Pods-VK client.debug.xcconfig */,
				80880C205E27032CDC91A24E /* Pods-VK client.release.xcconfig */,
			);
			path = Pods;
			sourceTree = "<group>";
		};
		6E6D29F8C27AB9FF2551FC7C /* Frameworks */ = {
			isa = PBXGroup;
			children = (
				2818C9549F4475EAAA12766A /* Pods_VK_client.framework */,
			);
			name = Frameworks;
			sourceTree = "<group>";
		};
		D03B187E2750DF1300C483B3 /* Gallery */ = {
			isa = PBXGroup;
			children = (
				D0800D22272BF6DF00347AB7 /* GalleryViewController.swift */,
				D03B187F2750DF3D00C483B3 /* GalleryViewModel.swift */,
			);
			path = Gallery;
			sourceTree = "<group>";
		};
		D03B18812750EDA500C483B3 /* common */ = {
			isa = PBXGroup;
			children = (
				D06313C3270B147E00D0E12C /* AppDelegate.swift */,
				D06313C5270B147E00D0E12C /* SceneDelegate.swift */,
			);
			path = common;
			sourceTree = "<group>";
		};
		D03B18872751737A00C483B3 /* demo */ = {
			isa = PBXGroup;
			children = (
				D03B18882751738D00C483B3 /* demoGroupService.swift */,
				D03B188A275173B600C483B3 /* demoUserService.swift */,
				D03B188C275192BA00C483B3 /* groups.json */,
				D03B18962754F26800C483B3 /* friends.json */,
				D0F2B1122761E64A00C70517 /* demoNewsService.swift */,
				D0EFE7D4276795F200A8E66E /* news.json */,
				D0E93FFF27916AC2005A2879 /* realNews.json */,
				D0EFE7D8276887C900A8E66E /* demoNewsTableViewCellModel.swift */,
				D0E93FFD279168CC005A2879 /* demoNewsServiceReal.swift */,
			);
			path = demo;
			sourceTree = "<group>";
		};
		D03B188F2752D7D400C483B3 /* CustomControllers */ = {
			isa = PBXGroup;
			children = (
				D080897C2735500000A6394B /* CustomTabBarController.swift */,
				D03B18902752D7EB00C483B3 /* MyCustomUIViewController.swift */,
			);
			path = CustomControllers;
			sourceTree = "<group>";
		};
		D05028E82749087C00F912EE /* BasicModels */ = {
			isa = PBXGroup;
			children = (
				D050CD1D271A2DD60076D78E /* FriendsSection.swift */,
				D050CD102716E1CF0076D78E /* GroupModel.swift */,
				D050CD0E2716E1C50076D78E /* UserModel.swift */,
			);
			path = BasicModels;
			sourceTree = "<group>";
		};
		D050CCF92716D87B0076D78E /* Friends */ = {
			isa = PBXGroup;
			children = (
				D0800D1C27283D1000347AB7 /* Views */,
				D050CCFA2716D89A0076D78E /* FriendsViewController.swift */,
				D050CCFC2716D8AE0076D78E /* FriendsTableViewCell.swift */,
				D03B1879274FC5B200C483B3 /* FriendsViewModel.swift */,
			);
			path = Friends;
			sourceTree = "<group>";
		};
		D050CCFE2716DDFF0076D78E /* FriendProfile */ = {
			isa = PBXGroup;
			children = (
				D0EFE7DD276BB04300A8E66E /* Requests */,
				D0800D1D272BF08300347AB7 /* Cells */,
				D050CCFF2716DE2A0076D78E /* FriendProfileViewController.swift */,
				D03B187C2750D39300C483B3 /* FriendsProfileViewModel.swift */,
			);
			path = FriendProfile;
			sourceTree = "<group>";
		};
		D050CD032716DF680076D78E /* MyGroups */ = {
			isa = PBXGroup;
			children = (
				D050CD042716DF890076D78E /* MyGroupsController.swift */,
				D050CD062716DFA10076D78E /* MyGroupsCell.swift */,
				D03B1875274F94DB00C483B3 /* MyGroupsViewModel.swift */,
				D095CAFE275F9756002F66CC /* FirebaseUser.swift */,
				D095CB00275F97D2002F66CC /* FirebaseGroup.swift */,
			);
			path = MyGroups;
			sourceTree = "<group>";
		};
		D050CD082716E10F0076D78E /* Search Groups */ = {
			isa = PBXGroup;
			children = (
				D050CD092716E12B0076D78E /* SearchGroupsController.swift */,
				D050CD0B2716E13A0076D78E /* SearchGroupsCell.swift */,
				D03B1877274FAABB00C483B3 /* SearchGroupsViewModel.swift */,
			);
			path = "Search Groups";
			sourceTree = "<group>";
		};
		D050CD0D2716E1B30076D78E /* Model */ = {
			isa = PBXGroup;
			children = (
				D05028E82749087C00F912EE /* BasicModels */,
				D0D2F0B62748EAF5008E9AB4 /* ApiGetGroups */,
				D0D2F0B32747D1F0008E9AB4 /* ApiUserImages */,
				D0D2F0AE2747D0D4008E9AB4 /* ApiGetFriends */,
				D05028E62749077F00F912EE /* BoolResponse.swift */,
			);
			path = Model;
			sourceTree = "<group>";
		};
		D050CD122716E2830076D78E /* Service */ = {
			isa = PBXGroup;
			children = (
				D0F3CBAB277B0283004653AE /* Operations */,
				D050CD132716E2990076D78E /* UserService.swift */,
				D050CD152716E2A50076D78E /* GroupsService.swift */,
				D050CD6527247A010076D78E /* NewsService.swift */,
				D0CB563D2743F58300AE85DF /* NetworkManager.swift */,
				D0D2F0AA27478C53008E9AB4 /* Loader.swift */,
				D03B1871274E2F4700C483B3 /* ImageCache.swift */,
				D03B18822750EDC200C483B3 /* Assembly.swift */,
				D03B18922754D56400C483B3 /* PersistenceManager.swift */,
				D040E8D527BCF9130042FA12 /* NetworkLoggingProxy.swift */,
			);
			path = Service;
			sourceTree = "<group>";
		};
		D050CD5A27241BAA0076D78E /* News */ = {
			isa = PBXGroup;
			children = (
				D0EFE80E2771D4F800A8E66E /* Views */,
				D0EFE7E42770932700A8E66E /* Cells */,
				D0800D112726987A00347AB7 /* Model */,
				D050CD5B27241BC60076D78E /* NewsController.swift */,
			);
			path = News;
			sourceTree = "<group>";
		};
		D0615C8E27352C400098F5D7 /* Views */ = {
			isa = PBXGroup;
			children = (
				D0800D182727F73900347AB7 /* LoadingView.swift */,
				D0615C8F27352C540098F5D7 /* CloudView.swift */,
			);
			path = Views;
			sourceTree = "<group>";
		};
		D06313B7270B147E00D0E12C = {
			isa = PBXGroup;
			children = (
				D06313C2270B147E00D0E12C /* VK client */,
				D0E9400B279C4353005A2879 /* VKclientTests */,
				D06313C1270B147E00D0E12C /* Products */,
				0E1CB22FF9F1EDD05785EC55 /* Pods */,
				6E6D29F8C27AB9FF2551FC7C /* Frameworks */,
			);
			sourceTree = "<group>";
		};
		D06313C1270B147E00D0E12C /* Products */ = {
			isa = PBXGroup;
			children = (
				D06313C0270B147E00D0E12C /* VK client.app */,
				D0E9400A279C4353005A2879 /* VKclientTests.xctest */,
			);
			name = Products;
			sourceTree = "<group>";
		};
		D06313C2270B147E00D0E12C /* VK client */ = {
			isa = PBXGroup;
			children = (
				D0F3CB992775D765004653AE /* Extensions */,
				D03B188F2752D7D400C483B3 /* CustomControllers */,
				D03B18872751737A00C483B3 /* demo */,
				D03B18812750EDA500C483B3 /* common */,
				D0CB5638273E65EF00AE85DF /* Session */,
				D050CD5A27241BAA0076D78E /* News */,
				D050CD122716E2830076D78E /* Service */,
				D050CD0D2716E1B30076D78E /* Model */,
				D050CD082716E10F0076D78E /* Search Groups */,
				D050CD032716DF680076D78E /* MyGroups */,
				D050CCFE2716DDFF0076D78E /* FriendProfile */,
				D03B187E2750DF1300C483B3 /* Gallery */,
				D050CCF92716D87B0076D78E /* Friends */,
				D08132142710719B00A280B0 /* Login */,
				D06313CC270B148000D0E12C /* Assets.xcassets */,
				D095CAE5275F45B3002F66CC /* GoogleService-Info.plist */,
				D06313D1270B148000D0E12C /* Info.plist */,
			);
			path = "VK client";
			sourceTree = "<group>";
		};
		D0800D112726987A00347AB7 /* Model */ = {
			isa = PBXGroup;
			children = (
				D0F2B1142761E88500C70517 /* Requests */,
				D0EFE7D62767A94600A8E66E /* NewsTableViewCellModelType.swift */,
				D0800D12272698BF00347AB7 /* NewsTableViewCellModel.swift */,
				D0800D14272698DA00347AB7 /* NewsCollectionViewCellModel.swift */,
				D03B1873274F850900C483B3 /* NewsViewModel.swift */,
				D0F2B11D2761F7DA00C70517 /* NewsSourceProtocol.swift */,
			);
			path = Model;
			sourceTree = "<group>";
		};
		D0800D1C27283D1000347AB7 /* Views */ = {
			isa = PBXGroup;
			children = (
				D050CD1727197EB30076D78E /* AvatarView.swift */,
				D0800D1A27283B0800347AB7 /* CustomSearchBar.swift */,
			);
			path = Views;
			sourceTree = "<group>";
		};
		D0800D1D272BF08300347AB7 /* Cells */ = {
			isa = PBXGroup;
			children = (
				D0800D1E272BF0A200347AB7 /* PhotoCollectionViewCell.swift */,
			);
			path = Cells;
			sourceTree = "<group>";
		};
		D08132142710719B00A280B0 /* Login */ = {
			isa = PBXGroup;
			children = (
				D0615C8E27352C400098F5D7 /* Views */,
				D06313C7270B147E00D0E12C /* LoginController.swift */,
				D0CB563B2743A5D200AE85DF /* VKLoginController.swift */,
			);
			path = Login;
			sourceTree = "<group>";
		};
		D0CB5638273E65EF00AE85DF /* Session */ = {
			isa = PBXGroup;
			children = (
				D0CB5639273E65FD00AE85DF /* Session.swift */,
			);
			path = Session;
			sourceTree = "<group>";
		};
		D0D2F0AE2747D0D4008E9AB4 /* ApiGetFriends */ = {
			isa = PBXGroup;
			children = (
				D01D8C3D27469330002CDC5E /* VkFriendsMainResponse.swift */,
				D04F214527463F6F00968CB5 /* VkFriendsResponse.swift */,
			);
			path = ApiGetFriends;
			sourceTree = "<group>";
		};
		D0D2F0B32747D1F0008E9AB4 /* ApiUserImages */ = {
			isa = PBXGroup;
			children = (
				D0D2F0AF2747D107008E9AB4 /* UserImagesResponse.swift.swift */,
				D0D2F0AC2747CD17008E9AB4 /* ApiImage.swift */,
				D0D2F0B12747D1EB008E9AB4 /* Sizes.swift */,
				D0D2F0B42747D658008E9AB4 /* UserImagesMainResponse.swift */,
			);
			path = ApiUserImages;
			sourceTree = "<group>";
		};
		D0D2F0B62748EAF5008E9AB4 /* ApiGetGroups */ = {
			isa = PBXGroup;
			children = (
				D0D2F0B82748EB7A008E9AB4 /* GroupsMyResponse.swift.swift */,
				D0D2F0BA2748EBD0008E9AB4 /* GroupsMyMainResponse.swift */,
			);
			path = ApiGetGroups;
			sourceTree = "<group>";
		};
		D0E9400B279C4353005A2879 /* VKclientTests */ = {
			isa = PBXGroup;
			children = (
				D0E94014279C43C9005A2879 /* MyGroupsViewModelTests.swift */,
				D0E9401B279EB1CE005A2879 /* FriendsViewModelTests.swift */,
			);
			path = VKclientTests;
			sourceTree = "<group>";
		};
		D0EFE7DD276BB04300A8E66E /* Requests */ = {
			isa = PBXGroup;
			children = (
				D0EFE7DE276BB06A00A8E66E /* FriendsCountMainResponse.swift */,
				D0EFE7E0276BB08800A8E66E /* FriendsCountResponse.swift */,
			);
			path = Requests;
			sourceTree = "<group>";
		};
		D0EFE7E42770932700A8E66E /* Cells */ = {
			isa = PBXGroup;
			children = (
				D050CD67272488910076D78E /* NewsCollectionViewCell.swift */,
				D0EFE7E5277093BE00A8E66E /* NewsAuthorCell.swift */,
				D0EFE7E72770AFB000A8E66E /* NewsTextCell.swift */,
				D0EFE7E92770B22800A8E66E /* NewsCollectionCell.swift */,
				D0EFE80B2770CA0D00A8E66E /* NewsFooterCell.swift */,
				D0F3CBA0277605C5004653AE /* NewsLinkCell.swift */,
			);
			path = Cells;
			sourceTree = "<group>";
		};
		D0EFE80E2771D4F800A8E66E /* Views */ = {
			isa = PBXGroup;
			children = (
				D050CD1B271A07BA0076D78E /* LikeControl.swift */,
				D0EFE80F2771D52400A8E66E /* CommentsControl.swift */,
				D0EFE8132771D93A00A8E66E /* RepostsControl.swift */,
				D0EFE8152771DA7100A8E66E /* NewsControl.swift */,
			);
			path = Views;
			sourceTree = "<group>";
		};
		D0F2B1142761E88500C70517 /* Requests */ = {
			isa = PBXGroup;
			children = (
				D0F2B1172761EF2900C70517 /* NewsModel.swift */,
				D0F2B1152761E89E00C70517 /* NewsMainRequest.swift */,
				D0F2B1192761F1FB00C70517 /* LikesModel.swift */,
				D0F2B11B2761F24900C70517 /* PhotosResponse.swift.swift */,
				D0EFE7D027635A8C00A8E66E /* AttachmentsModel.swift */,
				D0EFE7D227673B9300A8E66E /* LikesResponse.swift */,
			);
			path = Requests;
			sourceTree = "<group>";
		};
		D0F3CB992775D765004653AE /* Extensions */ = {
			isa = PBXGroup;
			children = (
				D0F3CBA42776186D004653AE /* UICollectionReusableView.swift */,
				D0F3CBA6277618E2004653AE /* UITableReusableView.swift */,
				D07CB52D27AE9B0800308A20 /* UIFont.swift */,
			);
			path = Extensions;
			sourceTree = "<group>";
		};
		D0F3CBAB277B0283004653AE /* Operations */ = {
			isa = PBXGroup;
			children = (
				D0F3CBAC277B029C004653AE /* AsyncOperation.swift */,
				D0F3CBAE277B0398004653AE /* GroupsDataOperation.swift */,
				D0F3CBB0277B0918004653AE /* GroupsDataParseOperation.swift */,
				D0F3CBB2277B0C82004653AE /* GroupsCompletionOperation.swift */,
				D0F3CBB4277B1409004653AE /* UpdateRealmDataOperation.swift */,
			);
			path = Operations;
			sourceTree = "<group>";
		};
/* End PBXGroup section */

/* Begin PBXNativeTarget section */
		D06313BF270B147E00D0E12C /* VK client */ = {
			isa = PBXNativeTarget;
			buildConfigurationList = D06313D4270B148000D0E12C /* Build configuration list for PBXNativeTarget "VK client" */;
			buildPhases = (
				BC23370419C12A3BFBBABB89 /* [CP] Check Pods Manifest.lock */,
				D06313BC270B147E00D0E12C /* Sources */,
				D06313BD270B147E00D0E12C /* Frameworks */,
				D06313BE270B147E00D0E12C /* Resources */,
				BC932171E250219E26F32E6D /* [CP] Embed Pods Frameworks */,
				D0F2B1112760C3E600C70517 /* ShellScript */,
			);
			buildRules = (
			);
			dependencies = (
			);
			name = "VK client";
			packageProductDependencies = (
				D095CAE8275F45E3002F66CC /* FirebaseAnalytics */,
				D095CAEA275F45E3002F66CC /* FirebaseAppCheck */,
				D095CAEC275F45E3002F66CC /* FirebaseAuth */,
				D095CAEE275F45E3002F66CC /* FirebaseCrashlytics */,
				D095CAF0275F45E3002F66CC /* FirebaseDatabase */,
				D095CAF2275F45E3002F66CC /* FirebaseDynamicLinks */,
				D095CAF4275F45E3002F66CC /* FirebaseFunctions */,
				D095CAF6275F45E3002F66CC /* FirebaseInstallations */,
				D095CAF8275F45E3002F66CC /* FirebaseMessaging */,
				D095CAFA275F45E3002F66CC /* FirebasePerformance */,
				D095CAFC275F45E3002F66CC /* FirebaseStorage */,
				D0F3CBA9277B00FD004653AE /* Alamofire */,
			);
			productName = "test-gu";
			productReference = D06313C0270B147E00D0E12C /* VK client.app */;
			productType = "com.apple.product-type.application";
		};
		D0E94009279C4353005A2879 /* VKclientTests */ = {
			isa = PBXNativeTarget;
			buildConfigurationList = D0E94012279C4353005A2879 /* Build configuration list for PBXNativeTarget "VKclientTests" */;
			buildPhases = (
				D0E94006279C4353005A2879 /* Sources */,
				D0E94007279C4353005A2879 /* Frameworks */,
				D0E94008279C4353005A2879 /* Resources */,
			);
			buildRules = (
			);
			dependencies = (
				D0E9400F279C4353005A2879 /* PBXTargetDependency */,
			);
			name = VKclientTests;
			productName = VKclientTests;
			productReference = D0E9400A279C4353005A2879 /* VKclientTests.xctest */;
			productType = "com.apple.product-type.bundle.unit-test";
		};
/* End PBXNativeTarget section */

/* Begin PBXProject section */
		D06313B8270B147E00D0E12C /* Project object */ = {
			isa = PBXProject;
			attributes = {
				BuildIndependentTargetsInParallel = 1;
				LastSwiftUpdateCheck = 1310;
				LastUpgradeCheck = 1300;
				TargetAttributes = {
					D06313BF270B147E00D0E12C = {
						CreatedOnToolsVersion = 13.0;
					};
					D0E94009279C4353005A2879 = {
						CreatedOnToolsVersion = 13.1;
						TestTargetID = D06313BF270B147E00D0E12C;
					};
				};
			};
			buildConfigurationList = D06313BB270B147E00D0E12C /* Build configuration list for PBXProject "VK client" */;
			compatibilityVersion = "Xcode 13.0";
			developmentRegion = en;
			hasScannedForEncodings = 0;
			knownRegions = (
				en,
				Base,
			);
			mainGroup = D06313B7270B147E00D0E12C;
			packageReferences = (
				D095CAE7275F45E3002F66CC /* XCRemoteSwiftPackageReference "firebase-ios-sdk" */,
				D0F3CBA8277B00FD004653AE /* XCRemoteSwiftPackageReference "Alamofire" */,
			);
			productRefGroup = D06313C1270B147E00D0E12C /* Products */;
			projectDirPath = "";
			projectRoot = "";
			targets = (
				D06313BF270B147E00D0E12C /* VK client */,
				D0E94009279C4353005A2879 /* VKclientTests */,
			);
		};
/* End PBXProject section */

/* Begin PBXResourcesBuildPhase section */
		D06313BE270B147E00D0E12C /* Resources */ = {
			isa = PBXResourcesBuildPhase;
			buildActionMask = 2147483647;
			files = (
				D06313CD270B148000D0E12C /* Assets.xcassets in Resources */,
				D0EFE7D5276795F200A8E66E /* news.json in Resources */,
				D0E9400027916AC2005A2879 /* realNews.json in Resources */,
				D095CAE6275F45B3002F66CC /* GoogleService-Info.plist in Resources */,
				D03B188D275192BA00C483B3 /* groups.json in Resources */,
				D03B18972754F26800C483B3 /* friends.json in Resources */,
			);
			runOnlyForDeploymentPostprocessing = 0;
		};
		D0E94008279C4353005A2879 /* Resources */ = {
			isa = PBXResourcesBuildPhase;
			buildActionMask = 2147483647;
			files = (
			);
			runOnlyForDeploymentPostprocessing = 0;
		};
/* End PBXResourcesBuildPhase section */

/* Begin PBXShellScriptBuildPhase section */
		BC23370419C12A3BFBBABB89 /* [CP] Check Pods Manifest.lock */ = {
			isa = PBXShellScriptBuildPhase;
			buildActionMask = 2147483647;
			files = (
			);
			inputFileListPaths = (
			);
			inputPaths = (
				"${PODS_PODFILE_DIR_PATH}/Podfile.lock",
				"${PODS_ROOT}/Manifest.lock",
			);
			name = "[CP] Check Pods Manifest.lock";
			outputFileListPaths = (
			);
			outputPaths = (
				"$(DERIVED_FILE_DIR)/Pods-VK client-checkManifestLockResult.txt",
			);
			runOnlyForDeploymentPostprocessing = 0;
			shellPath = /bin/sh;
			shellScript = "diff \"${PODS_PODFILE_DIR_PATH}/Podfile.lock\" \"${PODS_ROOT}/Manifest.lock\" > /dev/null\nif [ $? != 0 ] ; then\n    # print error to STDERR\n    echo \"error: The sandbox is not in sync with the Podfile.lock. Run 'pod install' or update your CocoaPods installation.\" >&2\n    exit 1\nfi\n# This output is used by Xcode 'outputs' to avoid re-running this script phase.\necho \"SUCCESS\" > \"${SCRIPT_OUTPUT_FILE_0}\"\n";
			showEnvVarsInLog = 0;
		};
		BC932171E250219E26F32E6D /* [CP] Embed Pods Frameworks */ = {
			isa = PBXShellScriptBuildPhase;
			buildActionMask = 2147483647;
			files = (
			);
			inputFileListPaths = (
				"${PODS_ROOT}/Target Support Files/Pods-VK client/Pods-VK client-frameworks-${CONFIGURATION}-input-files.xcfilelist",
			);
			name = "[CP] Embed Pods Frameworks";
			outputFileListPaths = (
				"${PODS_ROOT}/Target Support Files/Pods-VK client/Pods-VK client-frameworks-${CONFIGURATION}-output-files.xcfilelist",
			);
			runOnlyForDeploymentPostprocessing = 0;
			shellPath = /bin/sh;
			shellScript = "\"${PODS_ROOT}/Target Support Files/Pods-VK client/Pods-VK client-frameworks.sh\"\n";
			showEnvVarsInLog = 0;
		};
		D0F2B1112760C3E600C70517 /* ShellScript */ = {
			isa = PBXShellScriptBuildPhase;
			buildActionMask = 2147483647;
			files = (
			);
			inputFileListPaths = (
			);
			inputPaths = (
				"${DWARF_DSYM_FOLDER_PATH}/${DWARF_DSYM_FILE_NAME}/Contents/Resources/DWARF/${TARGET_NAME}",
				"$(SRCROOT)/$(BUILT_PRODUCTS_DIR)/$(INFOPLIST_PATH)",
			);
			outputFileListPaths = (
			);
			outputPaths = (
			);
			runOnlyForDeploymentPostprocessing = 0;
			shellPath = /bin/sh;
			shellScript = "# Type a script\"${BUILD_DIR%/Build/*}/SourcePackages/checkouts/firebase-ios-sdk/Crashlytics/run\" or drag a script file from your workspace to insert its path.\n";
		};
/* End PBXShellScriptBuildPhase section */

/* Begin PBXSourcesBuildPhase section */
		D06313BC270B147E00D0E12C /* Sources */ = {
			isa = PBXSourcesBuildPhase;
			buildActionMask = 2147483647;
			files = (
				D03B18892751738D00C483B3 /* demoGroupService.swift in Sources */,
				D0800D13272698BF00347AB7 /* NewsTableViewCellModel.swift in Sources */,
				D0EFE7D9276887C900A8E66E /* demoNewsTableViewCellModel.swift in Sources */,
				D0F2B11A2761F1FB00C70517 /* LikesModel.swift in Sources */,
				D03B1878274FAABB00C483B3 /* SearchGroupsViewModel.swift in Sources */,
				D080897D2735500000A6394B /* CustomTabBarController.swift in Sources */,
				D0D2F0B52747D658008E9AB4 /* UserImagesMainResponse.swift in Sources */,
				D050CCFB2716D89A0076D78E /* FriendsViewController.swift in Sources */,
				D0F3CBB3277B0C82004653AE /* GroupsCompletionOperation.swift in Sources */,
				D01D8C3E27469330002CDC5E /* VkFriendsMainResponse.swift in Sources */,
				D0F3CBB1277B0918004653AE /* GroupsDataParseOperation.swift in Sources */,
				D0615C9027352C540098F5D7 /* CloudView.swift in Sources */,
				D050CD6627247A010076D78E /* NewsService.swift in Sources */,
				D0EFE7DF276BB06A00A8E66E /* FriendsCountMainResponse.swift in Sources */,
				D03B187A274FC5B200C483B3 /* FriendsViewModel.swift in Sources */,
				D050CD142716E2990076D78E /* UserService.swift in Sources */,
				D03B188B275173B600C483B3 /* demoUserService.swift in Sources */,
				D0CB563C2743A5D200AE85DF /* VKLoginController.swift in Sources */,
				D0EFE80C2770CA0D00A8E66E /* NewsFooterCell.swift in Sources */,
				D03B18802750DF3D00C483B3 /* GalleryViewModel.swift in Sources */,
				D06313C8270B147E00D0E12C /* LoginController.swift in Sources */,
				D03B18832750EDC200C483B3 /* Assembly.swift in Sources */,
				D050CD002716DE2A0076D78E /* FriendProfileViewController.swift in Sources */,
				D05028E72749077F00F912EE /* BoolResponse.swift in Sources */,
				D0CB563E2743F58300AE85DF /* NetworkManager.swift in Sources */,
				D0E93FFE279168CC005A2879 /* demoNewsServiceReal.swift in Sources */,
				D0EFE8162771DA7100A8E66E /* NewsControl.swift in Sources */,
				D0F2B1162761E89E00C70517 /* NewsMainRequest.swift in Sources */,
				D0800D192727F73900347AB7 /* LoadingView.swift in Sources */,
				D0EFE7E6277093BE00A8E66E /* NewsAuthorCell.swift in Sources */,
				D050CD1827197EB30076D78E /* AvatarView.swift in Sources */,
				D0800D23272BF6DF00347AB7 /* GalleryViewController.swift in Sources */,
				D0CB563A273E65FD00AE85DF /* Session.swift in Sources */,
				D0F2B1182761EF2900C70517 /* NewsModel.swift in Sources */,
				D0F2B11E2761F7DA00C70517 /* NewsSourceProtocol.swift in Sources */,
				D0F3CBA1277605C5004653AE /* NewsLinkCell.swift in Sources */,
				D06313C4270B147E00D0E12C /* AppDelegate.swift in Sources */,
				D050CD5C27241BC60076D78E /* NewsController.swift in Sources */,
				D0D2F0B92748EB7A008E9AB4 /* GroupsMyResponse.swift.swift in Sources */,
				D0EFE7D127635A8C00A8E66E /* AttachmentsModel.swift in Sources */,
				D050CD072716DFA10076D78E /* MyGroupsCell.swift in Sources */,
				D0F2B1132761E64A00C70517 /* demoNewsService.swift in Sources */,
				D03B1872274E2F4700C483B3 /* ImageCache.swift in Sources */,
				D0F3CBAD277B029C004653AE /* AsyncOperation.swift in Sources */,
				D0800D1B27283B0800347AB7 /* CustomSearchBar.swift in Sources */,
				D050CD112716E1CF0076D78E /* GroupModel.swift in Sources */,
				D03B18932754D56400C483B3 /* PersistenceManager.swift in Sources */,
				D050CD1E271A2DD60076D78E /* FriendsSection.swift in Sources */,
				D050CD052716DF890076D78E /* MyGroupsController.swift in Sources */,
				D040E8D627BCF9130042FA12 /* NetworkLoggingProxy.swift in Sources */,
				D0800D20272BF0A200347AB7 /* PhotoCollectionViewCell.swift in Sources */,
				D0800D15272698DA00347AB7 /* NewsCollectionViewCellModel.swift in Sources */,
				D0EFE7D327673B9300A8E66E /* LikesResponse.swift in Sources */,
				D050CD162716E2A50076D78E /* GroupsService.swift in Sources */,
				D050CD0A2716E12B0076D78E /* SearchGroupsController.swift in Sources */,
				D0F2B11C2761F24900C70517 /* PhotosResponse.swift.swift in Sources */,
				D050CD0F2716E1C50076D78E /* UserModel.swift in Sources */,
				D050CD68272488910076D78E /* NewsCollectionViewCell.swift in Sources */,
				D04F214627463F6F00968CB5 /* VkFriendsResponse.swift in Sources */,
				D0F3CBAF277B0398004653AE /* GroupsDataOperation.swift in Sources */,
				D0EFE8142771D93B00A8E66E /* RepostsControl.swift in Sources */,
				D0D2F0B02747D107008E9AB4 /* UserImagesResponse.swift.swift in Sources */,
				D095CB01275F97D2002F66CC /* FirebaseGroup.swift in Sources */,
				D0EFE7E82770AFB000A8E66E /* NewsTextCell.swift in Sources */,
				D0F3CBB5277B1409004653AE /* UpdateRealmDataOperation.swift in Sources */,
				D050CD0C2716E13A0076D78E /* SearchGroupsCell.swift in Sources */,
				D03B1876274F94DB00C483B3 /* MyGroupsViewModel.swift in Sources */,
				D03B187D2750D39300C483B3 /* FriendsProfileViewModel.swift in Sources */,
				D095CAFF275F9756002F66CC /* FirebaseUser.swift in Sources */,
				D06313C6270B147E00D0E12C /* SceneDelegate.swift in Sources */,
				D03B18912752D7EB00C483B3 /* MyCustomUIViewController.swift in Sources */,
				D03B1874274F850900C483B3 /* NewsViewModel.swift in Sources */,
				D050CD1C271A07BA0076D78E /* LikeControl.swift in Sources */,
				D0D2F0AB27478C53008E9AB4 /* Loader.swift in Sources */,
				D0EFE7D72767A94600A8E66E /* NewsTableViewCellModelType.swift in Sources */,
				D0D2F0BB2748EBD0008E9AB4 /* GroupsMyMainResponse.swift in Sources */,
				D0D2F0B22747D1EB008E9AB4 /* Sizes.swift in Sources */,
				D0EFE8102771D52400A8E66E /* CommentsControl.swift in Sources */,
				D0F3CBA7277618E2004653AE /* UITableReusableView.swift in Sources */,
				D0D2F0AD2747CD17008E9AB4 /* ApiImage.swift in Sources */,
				D050CCFD2716D8AE0076D78E /* FriendsTableViewCell.swift in Sources */,
				D07CB52E27AE9B0800308A20 /* UIFont.swift in Sources */,
				D0F3CBA52776186D004653AE /* UICollectionReusableView.swift in Sources */,
				D0EFE7EA2770B22800A8E66E /* NewsCollectionCell.swift in Sources */,
				D0EFE7E1276BB08800A8E66E /* FriendsCountResponse.swift in Sources */,
			);
			runOnlyForDeploymentPostprocessing = 0;
		};
		D0E94006279C4353005A2879 /* Sources */ = {
			isa = PBXSourcesBuildPhase;
			buildActionMask = 2147483647;
			files = (
				D0E9401C279EB1CE005A2879 /* FriendsViewModelTests.swift in Sources */,
				D0E94015279C43C9005A2879 /* MyGroupsViewModelTests.swift in Sources */,
			);
			runOnlyForDeploymentPostprocessing = 0;
		};
/* End PBXSourcesBuildPhase section */

/* Begin PBXTargetDependency section */
		D0E9400F279C4353005A2879 /* PBXTargetDependency */ = {
			isa = PBXTargetDependency;
			target = D06313BF270B147E00D0E12C /* VK client */;
			targetProxy = D0E9400E279C4353005A2879 /* PBXContainerItemProxy */;
		};
/* End PBXTargetDependency section */

/* Begin XCBuildConfiguration section */
		D06313D2270B148000D0E12C /* Debug */ = {
			isa = XCBuildConfiguration;
			buildSettings = {
				ALWAYS_SEARCH_USER_PATHS = NO;
				CLANG_ANALYZER_NONNULL = YES;
				CLANG_ANALYZER_NUMBER_OBJECT_CONVERSION = YES_AGGRESSIVE;
				CLANG_CXX_LANGUAGE_STANDARD = "gnu++17";
				CLANG_CXX_LIBRARY = "libc++";
				CLANG_ENABLE_MODULES = YES;
				CLANG_ENABLE_OBJC_ARC = YES;
				CLANG_ENABLE_OBJC_WEAK = YES;
				CLANG_WARN_BLOCK_CAPTURE_AUTORELEASING = YES;
				CLANG_WARN_BOOL_CONVERSION = YES;
				CLANG_WARN_COMMA = YES;
				CLANG_WARN_CONSTANT_CONVERSION = YES;
				CLANG_WARN_DEPRECATED_OBJC_IMPLEMENTATIONS = YES;
				CLANG_WARN_DIRECT_OBJC_ISA_USAGE = YES_ERROR;
				CLANG_WARN_DOCUMENTATION_COMMENTS = YES;
				CLANG_WARN_EMPTY_BODY = YES;
				CLANG_WARN_ENUM_CONVERSION = YES;
				CLANG_WARN_INFINITE_RECURSION = YES;
				CLANG_WARN_INT_CONVERSION = YES;
				CLANG_WARN_NON_LITERAL_NULL_CONVERSION = YES;
				CLANG_WARN_OBJC_IMPLICIT_RETAIN_SELF = YES;
				CLANG_WARN_OBJC_LITERAL_CONVERSION = YES;
				CLANG_WARN_OBJC_ROOT_CLASS = YES_ERROR;
				CLANG_WARN_QUOTED_INCLUDE_IN_FRAMEWORK_HEADER = YES;
				CLANG_WARN_RANGE_LOOP_ANALYSIS = YES;
				CLANG_WARN_STRICT_PROTOTYPES = YES;
				CLANG_WARN_SUSPICIOUS_MOVE = YES;
				CLANG_WARN_UNGUARDED_AVAILABILITY = YES_AGGRESSIVE;
				CLANG_WARN_UNREACHABLE_CODE = YES;
				CLANG_WARN__DUPLICATE_METHOD_MATCH = YES;
				COPY_PHASE_STRIP = NO;
				DEBUG_INFORMATION_FORMAT = "dwarf-with-dsym";
				ENABLE_STRICT_OBJC_MSGSEND = YES;
				ENABLE_TESTABILITY = YES;
				GCC_C_LANGUAGE_STANDARD = gnu11;
				GCC_DYNAMIC_NO_PIC = NO;
				GCC_NO_COMMON_BLOCKS = YES;
				GCC_OPTIMIZATION_LEVEL = 0;
				GCC_PREPROCESSOR_DEFINITIONS = (
					"DEBUG=1",
					"$(inherited)",
				);
				GCC_WARN_64_TO_32_BIT_CONVERSION = YES;
				GCC_WARN_ABOUT_RETURN_TYPE = YES_ERROR;
				GCC_WARN_UNDECLARED_SELECTOR = YES;
				GCC_WARN_UNINITIALIZED_AUTOS = YES_AGGRESSIVE;
				GCC_WARN_UNUSED_FUNCTION = YES;
				GCC_WARN_UNUSED_VARIABLE = YES;
				IPHONEOS_DEPLOYMENT_TARGET = 15.0;
				MTL_ENABLE_DEBUG_INFO = INCLUDE_SOURCE;
				MTL_FAST_MATH = YES;
				NEW_SETTING = "";
				ONLY_ACTIVE_ARCH = YES;
				SDKROOT = iphoneos;
				SWIFT_ACTIVE_COMPILATION_CONDITIONS = DEBUG;
				SWIFT_OPTIMIZATION_LEVEL = "-Onone";
			};
			name = Debug;
		};
		D06313D3270B148000D0E12C /* Release */ = {
			isa = XCBuildConfiguration;
			buildSettings = {
				ALWAYS_SEARCH_USER_PATHS = NO;
				CLANG_ANALYZER_NONNULL = YES;
				CLANG_ANALYZER_NUMBER_OBJECT_CONVERSION = YES_AGGRESSIVE;
				CLANG_CXX_LANGUAGE_STANDARD = "gnu++17";
				CLANG_CXX_LIBRARY = "libc++";
				CLANG_ENABLE_MODULES = YES;
				CLANG_ENABLE_OBJC_ARC = YES;
				CLANG_ENABLE_OBJC_WEAK = YES;
				CLANG_WARN_BLOCK_CAPTURE_AUTORELEASING = YES;
				CLANG_WARN_BOOL_CONVERSION = YES;
				CLANG_WARN_COMMA = YES;
				CLANG_WARN_CONSTANT_CONVERSION = YES;
				CLANG_WARN_DEPRECATED_OBJC_IMPLEMENTATIONS = YES;
				CLANG_WARN_DIRECT_OBJC_ISA_USAGE = YES_ERROR;
				CLANG_WARN_DOCUMENTATION_COMMENTS = YES;
				CLANG_WARN_EMPTY_BODY = YES;
				CLANG_WARN_ENUM_CONVERSION = YES;
				CLANG_WARN_INFINITE_RECURSION = YES;
				CLANG_WARN_INT_CONVERSION = YES;
				CLANG_WARN_NON_LITERAL_NULL_CONVERSION = YES;
				CLANG_WARN_OBJC_IMPLICIT_RETAIN_SELF = YES;
				CLANG_WARN_OBJC_LITERAL_CONVERSION = YES;
				CLANG_WARN_OBJC_ROOT_CLASS = YES_ERROR;
				CLANG_WARN_QUOTED_INCLUDE_IN_FRAMEWORK_HEADER = YES;
				CLANG_WARN_RANGE_LOOP_ANALYSIS = YES;
				CLANG_WARN_STRICT_PROTOTYPES = YES;
				CLANG_WARN_SUSPICIOUS_MOVE = YES;
				CLANG_WARN_UNGUARDED_AVAILABILITY = YES_AGGRESSIVE;
				CLANG_WARN_UNREACHABLE_CODE = YES;
				CLANG_WARN__DUPLICATE_METHOD_MATCH = YES;
				COPY_PHASE_STRIP = NO;
				DEBUG_INFORMATION_FORMAT = "dwarf-with-dsym";
				ENABLE_NS_ASSERTIONS = NO;
				ENABLE_STRICT_OBJC_MSGSEND = YES;
				GCC_C_LANGUAGE_STANDARD = gnu11;
				GCC_NO_COMMON_BLOCKS = YES;
				GCC_WARN_64_TO_32_BIT_CONVERSION = YES;
				GCC_WARN_ABOUT_RETURN_TYPE = YES_ERROR;
				GCC_WARN_UNDECLARED_SELECTOR = YES;
				GCC_WARN_UNINITIALIZED_AUTOS = YES_AGGRESSIVE;
				GCC_WARN_UNUSED_FUNCTION = YES;
				GCC_WARN_UNUSED_VARIABLE = YES;
				IPHONEOS_DEPLOYMENT_TARGET = 15.0;
				MTL_ENABLE_DEBUG_INFO = NO;
				MTL_FAST_MATH = YES;
				NEW_SETTING = "";
				SDKROOT = iphoneos;
				SWIFT_COMPILATION_MODE = wholemodule;
				SWIFT_OPTIMIZATION_LEVEL = "-O";
				VALIDATE_PRODUCT = YES;
			};
			name = Release;
		};
		D06313D5270B148000D0E12C /* Debug */ = {
			isa = XCBuildConfiguration;
			baseConfigurationReference = BD6499039BF00C6BA478A95E /* Pods-VK client.debug.xcconfig */;
			buildSettings = {
				ASSETCATALOG_COMPILER_APPICON_NAME = AppIcon;
				ASSETCATALOG_COMPILER_GLOBAL_ACCENT_COLOR_NAME = AccentColor;
				CODE_SIGN_STYLE = Automatic;
				CURRENT_PROJECT_VERSION = 1;
				DEVELOPMENT_TEAM = LSA8V5M5Q4;
				GENERATE_INFOPLIST_FILE = YES;
				INFOPLIST_FILE = "VK client/Info.plist";
				INFOPLIST_KEY_CFBundleDisplayName = "VK-Client";
				INFOPLIST_KEY_UIApplicationSupportsIndirectInputEvents = YES;
				INFOPLIST_KEY_UILaunchStoryboardName = LaunchScreen;
				INFOPLIST_KEY_UISupportedInterfaceOrientations = UIInterfaceOrientationPortrait;
				INFOPLIST_KEY_UISupportedInterfaceOrientations_iPad = "UIInterfaceOrientationPortrait UIInterfaceOrientationPortraitUpsideDown UIInterfaceOrientationLandscapeLeft UIInterfaceOrientationLandscapeRight";
				INFOPLIST_KEY_UISupportedInterfaceOrientations_iPhone = "UIInterfaceOrientationPortrait UIInterfaceOrientationLandscapeLeft UIInterfaceOrientationLandscapeRight";
				LD_RUNPATH_SEARCH_PATHS = (
					"$(inherited)",
					"@executable_path/Frameworks",
				);
				MARKETING_VERSION = 1.0;
				PRODUCT_BUNDLE_IDENTIFIER = "Denis-Sizov.VK-client";
				PRODUCT_NAME = "$(TARGET_NAME)";
				SWIFT_EMIT_LOC_STRINGS = YES;
				SWIFT_VERSION = 5.0;
				TARGETED_DEVICE_FAMILY = 1;
			};
			name = Debug;
		};
		D06313D6270B148000D0E12C /* Release */ = {
			isa = XCBuildConfiguration;
			baseConfigurationReference = 80880C205E27032CDC91A24E /* Pods-VK client.release.xcconfig */;
			buildSettings = {
				ASSETCATALOG_COMPILER_APPICON_NAME = AppIcon;
				ASSETCATALOG_COMPILER_GLOBAL_ACCENT_COLOR_NAME = AccentColor;
				CODE_SIGN_STYLE = Automatic;
				CURRENT_PROJECT_VERSION = 1;
				DEVELOPMENT_TEAM = LSA8V5M5Q4;
				GENERATE_INFOPLIST_FILE = YES;
				INFOPLIST_FILE = "VK client/Info.plist";
				INFOPLIST_KEY_CFBundleDisplayName = "VK-Client";
				INFOPLIST_KEY_UIApplicationSupportsIndirectInputEvents = YES;
				INFOPLIST_KEY_UILaunchStoryboardName = LaunchScreen;
				INFOPLIST_KEY_UISupportedInterfaceOrientations = UIInterfaceOrientationPortrait;
				INFOPLIST_KEY_UISupportedInterfaceOrientations_iPad = "UIInterfaceOrientationPortrait UIInterfaceOrientationPortraitUpsideDown UIInterfaceOrientationLandscapeLeft UIInterfaceOrientationLandscapeRight";
				INFOPLIST_KEY_UISupportedInterfaceOrientations_iPhone = "UIInterfaceOrientationPortrait UIInterfaceOrientationLandscapeLeft UIInterfaceOrientationLandscapeRight";
				LD_RUNPATH_SEARCH_PATHS = (
					"$(inherited)",
					"@executable_path/Frameworks",
				);
				MARKETING_VERSION = 1.0;
				PRODUCT_BUNDLE_IDENTIFIER = "Denis-Sizov.VK-client";
				PRODUCT_NAME = "$(TARGET_NAME)";
				SWIFT_EMIT_LOC_STRINGS = YES;
				SWIFT_VERSION = 5.0;
				TARGETED_DEVICE_FAMILY = 1;
			};
			name = Release;
		};
		D0E94010279C4353005A2879 /* Debug */ = {
			isa = XCBuildConfiguration;
			buildSettings = {
				BUNDLE_LOADER = "$(TEST_HOST)";
				CODE_SIGN_STYLE = Automatic;
				CURRENT_PROJECT_VERSION = 1;
				DEBUG_INFORMATION_FORMAT = dwarf;
				DEVELOPMENT_TEAM = LSA8V5M5Q4;
				GENERATE_INFOPLIST_FILE = YES;
				LD_RUNPATH_SEARCH_PATHS = (
					"$(inherited)",
					"@executable_path/Frameworks",
					"@loader_path/Frameworks",
				);
				MARKETING_VERSION = 1.0;
				PRODUCT_BUNDLE_IDENTIFIER = "Denis-Sizov.VKclientTests";
				PRODUCT_NAME = "$(TARGET_NAME)";
				SWIFT_EMIT_LOC_STRINGS = NO;
				SWIFT_VERSION = 5.0;
				TARGETED_DEVICE_FAMILY = "1,2";
				TEST_HOST = "$(BUILT_PRODUCTS_DIR)/VK client.app/VK client";
			};
			name = Debug;
		};
		D0E94011279C4353005A2879 /* Release */ = {
			isa = XCBuildConfiguration;
			buildSettings = {
				BUNDLE_LOADER = "$(TEST_HOST)";
				CODE_SIGN_STYLE = Automatic;
				CURRENT_PROJECT_VERSION = 1;
				DEVELOPMENT_TEAM = LSA8V5M5Q4;
				GENERATE_INFOPLIST_FILE = YES;
				LD_RUNPATH_SEARCH_PATHS = (
					"$(inherited)",
					"@executable_path/Frameworks",
					"@loader_path/Frameworks",
				);
				MARKETING_VERSION = 1.0;
				PRODUCT_BUNDLE_IDENTIFIER = "Denis-Sizov.VKclientTests";
				PRODUCT_NAME = "$(TARGET_NAME)";
				SWIFT_EMIT_LOC_STRINGS = NO;
				SWIFT_VERSION = 5.0;
				TARGETED_DEVICE_FAMILY = "1,2";
				TEST_HOST = "$(BUILT_PRODUCTS_DIR)/VK client.app/VK client";
			};
			name = Release;
		};
/* End XCBuildConfiguration section */

/* Begin XCConfigurationList section */
		D06313BB270B147E00D0E12C /* Build configuration list for PBXProject "VK client" */ = {
			isa = XCConfigurationList;
			buildConfigurations = (
				D06313D2270B148000D0E12C /* Debug */,
				D06313D3270B148000D0E12C /* Release */,
			);
			defaultConfigurationIsVisible = 0;
			defaultConfigurationName = Release;
		};
		D06313D4270B148000D0E12C /* Build configuration list for PBXNativeTarget "VK client" */ = {
			isa = XCConfigurationList;
			buildConfigurations = (
				D06313D5270B148000D0E12C /* Debug */,
				D06313D6270B148000D0E12C /* Release */,
			);
			defaultConfigurationIsVisible = 0;
			defaultConfigurationName = Release;
		};
		D0E94012279C4353005A2879 /* Build configuration list for PBXNativeTarget "VKclientTests" */ = {
			isa = XCConfigurationList;
			buildConfigurations = (
				D0E94010279C4353005A2879 /* Debug */,
				D0E94011279C4353005A2879 /* Release */,
			);
			defaultConfigurationIsVisible = 0;
			defaultConfigurationName = Release;
		};
/* End XCConfigurationList section */

/* Begin XCRemoteSwiftPackageReference section */
		D095CAE7275F45E3002F66CC /* XCRemoteSwiftPackageReference "firebase-ios-sdk" */ = {
			isa = XCRemoteSwiftPackageReference;
			repositoryURL = "https://github.com/firebase/firebase-ios-sdk";
			requirement = {
				kind = upToNextMajorVersion;
				minimumVersion = 8.0.0;
			};
		};
		D0F3CBA8277B00FD004653AE /* XCRemoteSwiftPackageReference "Alamofire" */ = {
			isa = XCRemoteSwiftPackageReference;
			repositoryURL = "https://github.com/Alamofire/Alamofire.git";
			requirement = {
				kind = upToNextMajorVersion;
				minimumVersion = 5.0.0;
			};
		};
/* End XCRemoteSwiftPackageReference section */

/* Begin XCSwiftPackageProductDependency section */
		D095CAE8275F45E3002F66CC /* FirebaseAnalytics */ = {
			isa = XCSwiftPackageProductDependency;
			package = D095CAE7275F45E3002F66CC /* XCRemoteSwiftPackageReference "firebase-ios-sdk" */;
			productName = FirebaseAnalytics;
		};
		D095CAEA275F45E3002F66CC /* FirebaseAppCheck */ = {
			isa = XCSwiftPackageProductDependency;
			package = D095CAE7275F45E3002F66CC /* XCRemoteSwiftPackageReference "firebase-ios-sdk" */;
			productName = FirebaseAppCheck;
		};
		D095CAEC275F45E3002F66CC /* FirebaseAuth */ = {
			isa = XCSwiftPackageProductDependency;
			package = D095CAE7275F45E3002F66CC /* XCRemoteSwiftPackageReference "firebase-ios-sdk" */;
			productName = FirebaseAuth;
		};
		D095CAEE275F45E3002F66CC /* FirebaseCrashlytics */ = {
			isa = XCSwiftPackageProductDependency;
			package = D095CAE7275F45E3002F66CC /* XCRemoteSwiftPackageReference "firebase-ios-sdk" */;
			productName = FirebaseCrashlytics;
		};
		D095CAF0275F45E3002F66CC /* FirebaseDatabase */ = {
			isa = XCSwiftPackageProductDependency;
			package = D095CAE7275F45E3002F66CC /* XCRemoteSwiftPackageReference "firebase-ios-sdk" */;
			productName = FirebaseDatabase;
		};
		D095CAF2275F45E3002F66CC /* FirebaseDynamicLinks */ = {
			isa = XCSwiftPackageProductDependency;
			package = D095CAE7275F45E3002F66CC /* XCRemoteSwiftPackageReference "firebase-ios-sdk" */;
			productName = FirebaseDynamicLinks;
		};
		D095CAF4275F45E3002F66CC /* FirebaseFunctions */ = {
			isa = XCSwiftPackageProductDependency;
			package = D095CAE7275F45E3002F66CC /* XCRemoteSwiftPackageReference "firebase-ios-sdk" */;
			productName = FirebaseFunctions;
		};
		D095CAF6275F45E3002F66CC /* FirebaseInstallations */ = {
			isa = XCSwiftPackageProductDependency;
			package = D095CAE7275F45E3002F66CC /* XCRemoteSwiftPackageReference "firebase-ios-sdk" */;
			productName = FirebaseInstallations;
		};
		D095CAF8275F45E3002F66CC /* FirebaseMessaging */ = {
			isa = XCSwiftPackageProductDependency;
			package = D095CAE7275F45E3002F66CC /* XCRemoteSwiftPackageReference "firebase-ios-sdk" */;
			productName = FirebaseMessaging;
		};
		D095CAFA275F45E3002F66CC /* FirebasePerformance */ = {
			isa = XCSwiftPackageProductDependency;
			package = D095CAE7275F45E3002F66CC /* XCRemoteSwiftPackageReference "firebase-ios-sdk" */;
			productName = FirebasePerformance;
		};
		D095CAFC275F45E3002F66CC /* FirebaseStorage */ = {
			isa = XCSwiftPackageProductDependency;
			package = D095CAE7275F45E3002F66CC /* XCRemoteSwiftPackageReference "firebase-ios-sdk" */;
			productName = FirebaseStorage;
		};
		D0F3CBA9277B00FD004653AE /* Alamofire */ = {
			isa = XCSwiftPackageProductDependency;
			package = D0F3CBA8277B00FD004653AE /* XCRemoteSwiftPackageReference "Alamofire" */;
			productName = Alamofire;
		};
/* End XCSwiftPackageProductDependency section */
	};
	rootObject = D06313B8270B147E00D0E12C /* Project object */;
}
